PODS:
  - Crashlytics (3.8.4):
    - Fabric (~> 1.6.3)
  - CryptoSwift (0.6.9)
  - Fabric (1.6.11)
  - IQKeyboardManagerSwift (4.0.9)
  - Realm (2.6.2):
    - Realm/Headers (= 2.6.2)
  - Realm/Headers (2.6.2)
  - RealmSwift (2.6.2):
    - Realm (= 2.6.2)
  - SDWebImage (4.0.0):
    - SDWebImage/Core (= 4.0.0)
  - SDWebImage/Core (4.0.0)
  - SlideMenuControllerSwift (3.0.1)

DEPENDENCIES:
  - Crashlytics
  - CryptoSwift
  - Fabric
  - IQKeyboardManagerSwift
  - RealmSwift
  - SDWebImage
  - SlideMenuControllerSwift

SPEC CHECKSUMS:
  Crashlytics: 79e236942ca1e7fc641df1feb9a275360a78ab6a
  CryptoSwift: a22f6ba238e9ce4d26ee7bf45b9ed82e7122d4a0
  Fabric: 5911403591946b8228ab1c51d98f1d7137e863c6
  IQKeyboardManagerSwift: 2eefe6c429b86aa08bfbc1b5c891164d754adf91
  Realm: 29222766425b9f831228f81b63f0e38a97a4d700
  RealmSwift: d161a80f96cb91ae88391a7d5a9cf08024a7bc8e
  SDWebImage: 76a6348bdc74eb5a55dd08a091ef298e56b55e41
  SlideMenuControllerSwift: 9a163b16d54afab734add42858cba7ef7c307755

PODFILE CHECKSUM: 31608a3f699578ef17ea85168f31da3ce905ffd6

COCOAPODS: 1.2.0
