PODS:
  - ActionSheetPicker-3.0 (2.3.0)
  - Crashlytics (3.12.0):
    - Fabric (~> 1.9.0)
  - CryptoSwift (0.14.0)
  - Fabric (1.9.0)
  - IQKeyboardManagerSwift (6.2.0)
  - Realm (3.13.1):
    - Realm/Headers (= 3.13.1)
  - Realm/Headers (3.13.1)
  - RealmSwift (3.13.1):
    - Realm (= 3.13.1)
  - SDWebImage (4.4.5):
    - SDWebImage/Core (= 4.4.5)
  - SDWebImage/Core (4.4.5)
  - SlideMenuControllerSwift (4.0.0)

DEPENDENCIES:
  - ActionSheetPicker-3.0
  - Crashlytics
  - CryptoSwift
  - Fabric
  - IQKeyboardManagerSwift
  - RealmSwift
  - SDWebImage
  - SlideMenuControllerSwift

SPEC REPOS:
  https://github.com/cocoapods/specs.git:
    - ActionSheetPicker-3.0
    - Crashlytics
    - CryptoSwift
    - Fabric
    - IQKeyboardManagerSwift
    - Realm
    - RealmSwift
    - SDWebImage
    - SlideMenuControllerSwift

SPEC CHECKSUMS:
  ActionSheetPicker-3.0: eef157d75e151f255c5333d26656c7fbfe905a51
  Crashlytics: 07fb167b1694128c1c9a5a5cc319b0e9c3ca0933
  CryptoSwift: 35a10419f4dbf0619c13f8c1c180037e115323fa
  Fabric: f988e33c97f08930a413e08123064d2e5f68d655
  IQKeyboardManagerSwift: b07ccf9d8cafe993dcd6cb794eb4ba34611a0c4e
  Realm: 50071da38fe079e0735e47c9f2eae738c68c5996
  RealmSwift: 8a1e6a02b7a08cd17a31e3115143fb69fe5f3fb9
  SDWebImage: ecc03494e973b93b80213649d32175f8d2d17d4d
  SlideMenuControllerSwift: 021d6318201c53d4d4d3710517d43d6c556c7dd0

PODFILE CHECKSUM: cc687ff0833e7e583723f7e416ed0ac077195960

COCOAPODS: 1.6.0
